
Microsoft Visual Studio Solution File, Format Version 12.00
# Visual Studio Version 16
VisualStudioVersion = 16.0.29613.14
MinimumVisualStudioVersion = 10.0.40219.1
Project("{FAE04EC0-301F-11D3-BF4B-00C04F79EFBC}") = "WEngine", "WEngine\WEngine.csproj", "{054FD1E0-5B69-4F51-B31C-053E3803C6E1}"
EndProject
Project("{FAE04EC0-301F-11D3-BF4B-00C04F79EFBC}") = "Winecrash.Server", "Winecrash\Server\Winecrash.Server\Winecrash.Server.csproj", "{0E2532CB-85A6-4EFE-A71F-42EBDAC43703}"
EndProject
Project("{FAE04EC0-301F-11D3-BF4B-00C04F79EFBC}") = "Winecrash.Launcher", "Winecrash\Launcher\Winecrash.Launcher.csproj", "{B3961DB3-4413-41CE-ADD0-D843BD5EB428}"
EndProject
Project("{FAE04EC0-301F-11D3-BF4B-00C04F79EFBC}") = "Winecrash.Game", "Winecrash\Game\Winecrash.Game.csproj", "{99F21FC3-4D3F-4306-940E-6B727866FDB9}"
EndProject
Project("{FAE04EC0-301F-11D3-BF4B-00C04F79EFBC}") = "Winecrash.Client", "Client\Winecrash.Client.csproj", "{3D9EF50D-6FC5-40A2-BEBA-0DBDA0099293}"
EndProject
Global
	GlobalSection(SolutionConfigurationPlatforms) = preSolution
		Debug|Any CPU = Debug|Any CPU
		Debug|x64 = Debug|x64
		Release|Any CPU = Release|Any CPU
		Release|x64 = Release|x64
	EndGlobalSection
	GlobalSection(ProjectConfigurationPlatforms) = postSolution
		{054FD1E0-5B69-4F51-B31C-053E3803C6E1}.Debug|Any CPU.ActiveCfg = Debug|Any CPU
		{054FD1E0-5B69-4F51-B31C-053E3803C6E1}.Debug|Any CPU.Build.0 = Debug|Any CPU
		{054FD1E0-5B69-4F51-B31C-053E3803C6E1}.Debug|x64.ActiveCfg = Debug|x64
		{054FD1E0-5B69-4F51-B31C-053E3803C6E1}.Debug|x64.Build.0 = Debug|x64
		{054FD1E0-5B69-4F51-B31C-053E3803C6E1}.Release|Any CPU.ActiveCfg = Release|Any CPU
		{054FD1E0-5B69-4F51-B31C-053E3803C6E1}.Release|Any CPU.Build.0 = Release|Any CPU
		{054FD1E0-5B69-4F51-B31C-053E3803C6E1}.Release|x64.ActiveCfg = Release|x64
		{054FD1E0-5B69-4F51-B31C-053E3803C6E1}.Release|x64.Build.0 = Release|x64
		{0E2532CB-85A6-4EFE-A71F-42EBDAC43703}.Debug|Any CPU.ActiveCfg = Debug|Any CPU
		{0E2532CB-85A6-4EFE-A71F-42EBDAC43703}.Debug|Any CPU.Build.0 = Debug|Any CPU
		{0E2532CB-85A6-4EFE-A71F-42EBDAC43703}.Debug|x64.ActiveCfg = Debug|Any CPU
		{0E2532CB-85A6-4EFE-A71F-42EBDAC43703}.Debug|x64.Build.0 = Debug|Any CPU
		{0E2532CB-85A6-4EFE-A71F-42EBDAC43703}.Release|Any CPU.ActiveCfg = Release|Any CPU
		{0E2532CB-85A6-4EFE-A71F-42EBDAC43703}.Release|Any CPU.Build.0 = Release|Any CPU
		{0E2532CB-85A6-4EFE-A71F-42EBDAC43703}.Release|x64.ActiveCfg = Release|Any CPU
		{0E2532CB-85A6-4EFE-A71F-42EBDAC43703}.Release|x64.Build.0 = Release|Any CPU
		{B3961DB3-4413-41CE-ADD0-D843BD5EB428}.Debug|Any CPU.ActiveCfg = Debug|Any CPU
		{B3961DB3-4413-41CE-ADD0-D843BD5EB428}.Debug|Any CPU.Build.0 = Debug|Any CPU
		{B3961DB3-4413-41CE-ADD0-D843BD5EB428}.Debug|x64.ActiveCfg = Debug|Any CPU
		{B3961DB3-4413-41CE-ADD0-D843BD5EB428}.Debug|x64.Build.0 = Debug|Any CPU
		{B3961DB3-4413-41CE-ADD0-D843BD5EB428}.Release|Any CPU.ActiveCfg = Release|Any CPU
		{B3961DB3-4413-41CE-ADD0-D843BD5EB428}.Release|Any CPU.Build.0 = Release|Any CPU
		{B3961DB3-4413-41CE-ADD0-D843BD5EB428}.Release|x64.ActiveCfg = Release|Any CPU
		{B3961DB3-4413-41CE-ADD0-D843BD5EB428}.Release|x64.Build.0 = Release|Any CPU
		{99F21FC3-4D3F-4306-940E-6B727866FDB9}.Debug|Any CPU.ActiveCfg = Debug|Any CPU
		{99F21FC3-4D3F-4306-940E-6B727866FDB9}.Debug|Any CPU.Build.0 = Debug|Any CPU
		{99F21FC3-4D3F-4306-940E-6B727866FDB9}.Debug|x64.ActiveCfg = Debug|Any CPU
		{99F21FC3-4D3F-4306-940E-6B727866FDB9}.Debug|x64.Build.0 = Debug|Any CPU
		{99F21FC3-4D3F-4306-940E-6B727866FDB9}.Release|Any CPU.ActiveCfg = Release|Any CPU
		{99F21FC3-4D3F-4306-940E-6B727866FDB9}.Release|Any CPU.Build.0 = Release|Any CPU
		{99F21FC3-4D3F-4306-940E-6B727866FDB9}.Release|x64.ActiveCfg = Release|Any CPU
		{99F21FC3-4D3F-4306-940E-6B727866FDB9}.Release|x64.Build.0 = Release|Any CPU
		{3D9EF50D-6FC5-40A2-BEBA-0DBDA0099293}.Debug|Any CPU.ActiveCfg = Debug|Any CPU
		{3D9EF50D-6FC5-40A2-BEBA-0DBDA0099293}.Debug|Any CPU.Build.0 = Debug|Any CPU
		{3D9EF50D-6FC5-40A2-BEBA-0DBDA0099293}.Debug|x64.ActiveCfg = Debug|Any CPU
		{3D9EF50D-6FC5-40A2-BEBA-0DBDA0099293}.Debug|x64.Build.0 = Debug|Any CPU
		{3D9EF50D-6FC5-40A2-BEBA-0DBDA0099293}.Release|Any CPU.ActiveCfg = Release|Any CPU
		{3D9EF50D-6FC5-40A2-BEBA-0DBDA0099293}.Release|Any CPU.Build.0 = Release|Any CPU
		{3D9EF50D-6FC5-40A2-BEBA-0DBDA0099293}.Release|x64.ActiveCfg = Release|Any CPU
		{3D9EF50D-6FC5-40A2-BEBA-0DBDA0099293}.Release|x64.Build.0 = Release|Any CPU
	EndGlobalSection
	GlobalSection(SolutionProperties) = preSolution
		HideSolutionNode = FALSE
	EndGlobalSection
	GlobalSection(ExtensibilityGlobals) = postSolution
		SolutionGuid = {395248E6-8714-41F9-9BDF-D261F2585D65}
	EndGlobalSection
EndGlobal
